
Microsoft Visual Studio Solution File, Format Version 12.00
# Visual Studio Version 17
VisualStudioVersion = 17.5.002.0
MinimumVisualStudioVersion = 10.0.40219.1
Project("{9A19103F-16F7-4668-BE54-9A1E7A4F7556}") = "Security Guard APIs", "Security Guard APIs.csproj", "{454E31DA-B286-42DF-AD93-16B3F4C9591B}"
EndProject
Project("{9A19103F-16F7-4668-BE54-9A1E7A4F7556}") = "Web APIs", "Web APIs.csproj", "{1459E657-3110-4E73-AF8D-8B28C38CE24E}"
EndProject
Global
	GlobalSection(SolutionConfigurationPlatforms) = preSolution
		Debug|Any CPU = Debug|Any CPU
		Release|Any CPU = Release|Any CPU
	EndGlobalSection
	GlobalSection(ProjectConfigurationPlatforms) = postSolution
		{454E31DA-B286-42DF-AD93-16B3F4C9591B}.Debug|Any CPU.ActiveCfg = Debug|Any CPU
		{454E31DA-B286-42DF-AD93-16B3F4C9591B}.Debug|Any CPU.Build.0 = Debug|Any CPU
		{454E31DA-B286-42DF-AD93-16B3F4C9591B}.Release|Any CPU.ActiveCfg = Release|Any CPU
		{454E31DA-B286-42DF-AD93-16B3F4C9591B}.Release|Any CPU.Build.0 = Release|Any CPU
		{1459E657-3110-4E73-AF8D-8B28C38CE24E}.Debug|Any CPU.ActiveCfg = Debug|Any CPU
		{1459E657-3110-4E73-AF8D-8B28C38CE24E}.Debug|Any CPU.Build.0 = Debug|Any CPU
		{1459E657-3110-4E73-AF8D-8B28C38CE24E}.Release|Any CPU.ActiveCfg = Release|Any CPU
		{1459E657-3110-4E73-AF8D-8B28C38CE24E}.Release|Any CPU.Build.0 = Release|Any CPU
	EndGlobalSection
	GlobalSection(SolutionProperties) = preSolution
		HideSolutionNode = FALSE
	EndGlobalSection
	GlobalSection(ExtensibilityGlobals) = postSolution
		SolutionGuid = {C00B6A73-71E5-4F9F-8C78-AEB4028EC659}
	EndGlobalSection
EndGlobal
