
Microsoft Visual Studio Solution File, Format Version 12.00
# Visual Studio Version 17
VisualStudioVersion = 17.9.34723.18
MinimumVisualStudioVersion = 10.0.40219.1
Project("{9A19103F-16F7-4668-BE54-9A1E7A4F7556}") = "Web APIs", "Web APIs\Web APIs.csproj", "{C3F302CA-764B-401A-994E-FCD69452BE97}"
EndProject
Project("{9A19103F-16F7-4668-BE54-9A1E7A4F7556}") = "Web App MVC", "Web App MVC\Web App MVC.csproj", "{E17EE02C-9ACB-4613-AD51-7071D732C7A7}"
EndProject
Project("{FAE04EC0-301F-11D3-BF4B-00C04F79EFBC}") = "Shared", "Shared\Shared.csproj", "{6BBD1C92-63FE-4C76-BA31-7CB00A17987D}"
EndProject
Global
	GlobalSection(SolutionConfigurationPlatforms) = preSolution
		Debug|Any CPU = Debug|Any CPU
		Release|Any CPU = Release|Any CPU
	EndGlobalSection
	GlobalSection(ProjectConfigurationPlatforms) = postSolution
		{C3F302CA-764B-401A-994E-FCD69452BE97}.Debug|Any CPU.ActiveCfg = Debug|Any CPU
		{C3F302CA-764B-401A-994E-FCD69452BE97}.Debug|Any CPU.Build.0 = Debug|Any CPU
		{C3F302CA-764B-401A-994E-FCD69452BE97}.Release|Any CPU.ActiveCfg = Release|Any CPU
		{C3F302CA-764B-401A-994E-FCD69452BE97}.Release|Any CPU.Build.0 = Release|Any CPU
		{E17EE02C-9ACB-4613-AD51-7071D732C7A7}.Debug|Any CPU.ActiveCfg = Debug|Any CPU
		{E17EE02C-9ACB-4613-AD51-7071D732C7A7}.Debug|Any CPU.Build.0 = Debug|Any CPU
		{E17EE02C-9ACB-4613-AD51-7071D732C7A7}.Release|Any CPU.ActiveCfg = Release|Any CPU
		{E17EE02C-9ACB-4613-AD51-7071D732C7A7}.Release|Any CPU.Build.0 = Release|Any CPU
		{6BBD1C92-63FE-4C76-BA31-7CB00A17987D}.Debug|Any CPU.ActiveCfg = Debug|Any CPU
		{6BBD1C92-63FE-4C76-BA31-7CB00A17987D}.Debug|Any CPU.Build.0 = Debug|Any CPU
		{6BBD1C92-63FE-4C76-BA31-7CB00A17987D}.Release|Any CPU.ActiveCfg = Release|Any CPU
		{6BBD1C92-63FE-4C76-BA31-7CB00A17987D}.Release|Any CPU.Build.0 = Release|Any CPU
	EndGlobalSection
	GlobalSection(SolutionProperties) = preSolution
		HideSolutionNode = FALSE
	EndGlobalSection
	GlobalSection(ExtensibilityGlobals) = postSolution
		SolutionGuid = {79D29EB2-003A-4587-A870-18FF4BB205B5}
	EndGlobalSection
EndGlobal
